// !$*UTF8*$!
{
	archiveVersion = 1;
	classes = {
	};
	objectVersion = 46;
	objects = {

/* Begin PBXBuildFile section */
		694D48791BB36C0D00D45F04 /* main.m in Sources */ = {isa = PBXBuildFile; fileRef = 694D48781BB36C0D00D45F04 /* main.m */; };
		694D487C1BB36C0D00D45F04 /* AppDelegate.m in Sources */ = {isa = PBXBuildFile; fileRef = 694D487B1BB36C0D00D45F04 /* AppDelegate.m */; };
		694D487F1BB36C0D00D45F04 /* ViewController.m in Sources */ = {isa = PBXBuildFile; fileRef = 694D487E1BB36C0D00D45F04 /* ViewController.m */; };
		694D48841BB36C0D00D45F04 /* Images.xcassets in Resources */ = {isa = PBXBuildFile; fileRef = 694D48831BB36C0D00D45F04 /* Images.xcassets */; };
		694D48871BB36C0D00D45F04 /* LaunchScreen.xib in Resources */ = {isa = PBXBuildFile; fileRef = 694D48851BB36C0D00D45F04 /* LaunchScreen.xib */; };
		694D48931BB36C0D00D45F04 /* BlocBrowserTests.m in Sources */ = {isa = PBXBuildFile; fileRef = 694D48921BB36C0D00D45F04 /* BlocBrowserTests.m */; };
		694D489E1BB9D43F00D45F04 /* AwesomeFloatingToolbar.m in Sources */ = {isa = PBXBuildFile; fileRef = 694D489D1BB9D43F00D45F04 /* AwesomeFloatingToolbar.m */; };
/* End PBXBuildFile section */

/* Begin PBXContainerItemProxy section */
		694D488D1BB36C0D00D45F04 /* PBXContainerItemProxy */ = {
			isa = PBXContainerItemProxy;
			containerPortal = 694D486B1BB36C0D00D45F04 /* Project object */;
			proxyType = 1;
			remoteGlobalIDString = 694D48721BB36C0D00D45F04;
			remoteInfo = BlocBrowser;
		};
/* End PBXContainerItemProxy section */

/* Begin PBXFileReference section */
		694D48731BB36C0D00D45F04 /* BlocBrowser.app */ = {isa = PBXFileReference; explicitFileType = wrapper.application; includeInIndex = 0; path = BlocBrowser.app; sourceTree = BUILT_PRODUCTS_DIR; };
		694D48771BB36C0D00D45F04 /* Info.plist */ = {isa = PBXFileReference; lastKnownFileType = text.plist.xml; path = Info.plist; sourceTree = "<group>"; };
		694D48781BB36C0D00D45F04 /* main.m */ = {isa = PBXFileReference; lastKnownFileType = sourcecode.c.objc; path = main.m; sourceTree = "<group>"; };
		694D487A1BB36C0D00D45F04 /* AppDelegate.h */ = {isa = PBXFileReference; lastKnownFileType = sourcecode.c.h; path = AppDelegate.h; sourceTree = "<group>"; };
		694D487B1BB36C0D00D45F04 /* AppDelegate.m */ = {isa = PBXFileReference; lastKnownFileType = sourcecode.c.objc; path = AppDelegate.m; sourceTree = "<group>"; };
		694D487D1BB36C0D00D45F04 /* ViewController.h */ = {isa = PBXFileReference; lastKnownFileType = sourcecode.c.h; path = ViewController.h; sourceTree = "<group>"; };
		694D487E1BB36C0D00D45F04 /* ViewController.m */ = {isa = PBXFileReference; lastKnownFileType = sourcecode.c.objc; path = ViewController.m; sourceTree = "<group>"; };
		694D48831BB36C0D00D45F04 /* Images.xcassets */ = {isa = PBXFileReference; lastKnownFileType = folder.assetcatalog; path = Images.xcassets; sourceTree = "<group>"; };
		694D48861BB36C0D00D45F04 /* Base */ = {isa = PBXFileReference; lastKnownFileType = file.xib; name = Base; path = Base.lproj/LaunchScreen.xib; sourceTree = "<group>"; };
		694D488C1BB36C0D00D45F04 /* BlocBrowserTests.xctest */ = {isa = PBXFileReference; explicitFileType = wrapper.cfbundle; includeInIndex = 0; path = BlocBrowserTests.xctest; sourceTree = BUILT_PRODUCTS_DIR; };
		694D48911BB36C0D00D45F04 /* Info.plist */ = {isa = PBXFileReference; lastKnownFileType = text.plist.xml; path = Info.plist; sourceTree = "<group>"; };
		694D48921BB36C0D00D45F04 /* BlocBrowserTests.m */ = {isa = PBXFileReference; lastKnownFileType = sourcecode.c.objc; path = BlocBrowserTests.m; sourceTree = "<group>"; };
		694D489C1BB9D43F00D45F04 /* AwesomeFloatingToolbar.h */ = {isa = PBXFileReference; fileEncoding = 4; lastKnownFileType = sourcecode.c.h; path = AwesomeFloatingToolbar.h; sourceTree = "<group>"; };
		694D489D1BB9D43F00D45F04 /* AwesomeFloatingToolbar.m */ = {isa = PBXFileReference; fileEncoding = 4; lastKnownFileType = sourcecode.c.objc; path = AwesomeFloatingToolbar.m; sourceTree = "<group>"; };
/* End PBXFileReference section */

/* Begin PBXFrameworksBuildPhase section */
		694D48701BB36C0D00D45F04 /* Frameworks */ = {
			isa = PBXFrameworksBuildPhase;
			buildActionMask = 2147483647;
			files = (
			);
			runOnlyForDeploymentPostprocessing = 0;
		};
		694D48891BB36C0D00D45F04 /* Frameworks */ = {
			isa = PBXFrameworksBuildPhase;
			buildActionMask = 2147483647;
			files = (
			);
			runOnlyForDeploymentPostprocessing = 0;
		};
/* End PBXFrameworksBuildPhase section */

/* Begin PBXGroup section */
		694D486A1BB36C0D00D45F04 = {
			isa = PBXGroup;
			children = (
				694D48751BB36C0D00D45F04 /* BlocBrowser */,
				694D488F1BB36C0D00D45F04 /* BlocBrowserTests */,
				694D48741BB36C0D00D45F04 /* Products */,
			);
			sourceTree = "<group>";
		};
		694D48741BB36C0D00D45F04 /* Products */ = {
			isa = PBXGroup;
			children = (
				694D48731BB36C0D00D45F04 /* BlocBrowser.app */,
				694D488C1BB36C0D00D45F04 /* BlocBrowserTests.xctest */,
			);
			name = Products;
			sourceTree = "<group>";
		};
		694D48751BB36C0D00D45F04 /* BlocBrowser */ = {
			isa = PBXGroup;
			children = (
				694D487A1BB36C0D00D45F04 /* AppDelegate.h */,
				694D487B1BB36C0D00D45F04 /* AppDelegate.m */,
				694D487D1BB36C0D00D45F04 /* ViewController.h */,
				694D487E1BB36C0D00D45F04 /* ViewController.m */,
				694D489C1BB9D43F00D45F04 /* AwesomeFloatingToolbar.h */,
				694D489D1BB9D43F00D45F04 /* AwesomeFloatingToolbar.m */,
				694D48831BB36C0D00D45F04 /* Images.xcassets */,
				694D48851BB36C0D00D45F04 /* LaunchScreen.xib */,
				694D48761BB36C0D00D45F04 /* Supporting Files */,
			);
			path = BlocBrowser;
			sourceTree = "<group>";
		};
		694D48761BB36C0D00D45F04 /* Supporting Files */ = {
			isa = PBXGroup;
			children = (
				694D48771BB36C0D00D45F04 /* Info.plist */,
				694D48781BB36C0D00D45F04 /* main.m */,
			);
			name = "Supporting Files";
			sourceTree = "<group>";
		};
		694D488F1BB36C0D00D45F04 /* BlocBrowserTests */ = {
			isa = PBXGroup;
			children = (
				694D48921BB36C0D00D45F04 /* BlocBrowserTests.m */,
				694D48901BB36C0D00D45F04 /* Supporting Files */,
			);
			path = BlocBrowserTests;
			sourceTree = "<group>";
		};
		694D48901BB36C0D00D45F04 /* Supporting Files */ = {
			isa = PBXGroup;
			children = (
				694D48911BB36C0D00D45F04 /* Info.plist */,
			);
			name = "Supporting Files";
			sourceTree = "<group>";
		};
/* End PBXGroup section */

/* Begin PBXNativeTarget section */
		694D48721BB36C0D00D45F04 /* BlocBrowser */ = {
			isa = PBXNativeTarget;
			buildConfigurationList = 694D48961BB36C0D00D45F04 /* Build configuration list for PBXNativeTarget "BlocBrowser" */;
			buildPhases = (
				694D486F1BB36C0D00D45F04 /* Sources */,
				694D48701BB36C0D00D45F04 /* Frameworks */,
				694D48711BB36C0D00D45F04 /* Resources */,
			);
			buildRules = (
			);
			dependencies = (
			);
			name = BlocBrowser;
			productName = BlocBrowser;
			productReference = 694D48731BB36C0D00D45F04 /* BlocBrowser.app */;
			productType = "com.apple.product-type.application";
		};
		694D488B1BB36C0D00D45F04 /* BlocBrowserTests */ = {
			isa = PBXNativeTarget;
			buildConfigurationList = 694D48991BB36C0D00D45F04 /* Build configuration list for PBXNativeTarget "BlocBrowserTests" */;
			buildPhases = (
				694D48881BB36C0D00D45F04 /* Sources */,
				694D48891BB36C0D00D45F04 /* Frameworks */,
				694D488A1BB36C0D00D45F04 /* Resources */,
			);
			buildRules = (
			);
			dependencies = (
				694D488E1BB36C0D00D45F04 /* PBXTargetDependency */,
			);
			name = BlocBrowserTests;
			productName = BlocBrowserTests;
			productReference = 694D488C1BB36C0D00D45F04 /* BlocBrowserTests.xctest */;
			productType = "com.apple.product-type.bundle.unit-test";
		};
/* End PBXNativeTarget section */

/* Begin PBXProject section */
		694D486B1BB36C0D00D45F04 /* Project object */ = {
			isa = PBXProject;
			attributes = {
				LastUpgradeCheck = 0640;
				ORGANIZATIONNAME = Bloc;
				TargetAttributes = {
					694D48721BB36C0D00D45F04 = {
						CreatedOnToolsVersion = 6.4;
					};
					694D488B1BB36C0D00D45F04 = {
						CreatedOnToolsVersion = 6.4;
						TestTargetID = 694D48721BB36C0D00D45F04;
					};
				};
			};
			buildConfigurationList = 694D486E1BB36C0D00D45F04 /* Build configuration list for PBXProject "BlocBrowser" */;
			compatibilityVersion = "Xcode 3.2";
			developmentRegion = English;
			hasScannedForEncodings = 0;
			knownRegions = (
				en,
				Base,
			);
			mainGroup = 694D486A1BB36C0D00D45F04;
			productRefGroup = 694D48741BB36C0D00D45F04 /* Products */;
			projectDirPath = "";
			projectRoot = "";
			targets = (
				694D48721BB36C0D00D45F04 /* BlocBrowser */,
				694D488B1BB36C0D00D45F04 /* BlocBrowserTests */,
			);
		};
/* End PBXProject section */

/* Begin PBXResourcesBuildPhase section */
		694D48711BB36C0D00D45F04 /* Resources */ = {
			isa = PBXResourcesBuildPhase;
			buildActionMask = 2147483647;
			files = (
				694D48871BB36C0D00D45F04 /* LaunchScreen.xib in Resources */,
				694D48841BB36C0D00D45F04 /* Images.xcassets in Resources */,
			);
			runOnlyForDeploymentPostprocessing = 0;
		};
		694D488A1BB36C0D00D45F04 /* Resources */ = {
			isa = PBXResourcesBuildPhase;
			buildActionMask = 2147483647;
			files = (
			);
			runOnlyForDeploymentPostprocessing = 0;
		};
/* End PBXResourcesBuildPhase section */

/* Begin PBXSourcesBuildPhase section */
		694D486F1BB36C0D00D45F04 /* Sources */ = {
			isa = PBXSourcesBuildPhase;
			buildActionMask = 2147483647;
			files = (
				694D487F1BB36C0D00D45F04 /* ViewController.m in Sources */,
				694D487C1BB36C0D00D45F04 /* AppDelegate.m in Sources */,
				694D48791BB36C0D00D45F04 /* main.m in Sources */,
				694D489E1BB9D43F00D45F04 /* AwesomeFloatingToolbar.m in Sources */,
			);
			runOnlyForDeploymentPostprocessing = 0;
		};
		694D48881BB36C0D00D45F04 /* Sources */ = {
			isa = PBXSourcesBuildPhase;
			buildActionMask = 2147483647;
			files = (
				694D48931BB36C0D00D45F04 /* BlocBrowserTests.m in Sources */,
			);
			runOnlyForDeploymentPostprocessing = 0;
		};
/* End PBXSourcesBuildPhase section */

/* Begin PBXTargetDependency section */
		694D488E1BB36C0D00D45F04 /* PBXTargetDependency */ = {
			isa = PBXTargetDependency;
			target = 694D48721BB36C0D00D45F04 /* BlocBrowser */;
			targetProxy = 694D488D1BB36C0D00D45F04 /* PBXContainerItemProxy */;
		};
/* End PBXTargetDependency section */

/* Begin PBXVariantGroup section */
		694D48851BB36C0D00D45F04 /* LaunchScreen.xib */ = {
			isa = PBXVariantGroup;
			children = (
				694D48861BB36C0D00D45F04 /* Base */,
			);
			name = LaunchScreen.xib;
			sourceTree = "<group>";
		};
/* End PBXVariantGroup section */

/* Begin XCBuildConfiguration section */
		694D48941BB36C0D00D45F04 /* Debug */ = {
			isa = XCBuildConfiguration;
			buildSettings = {
				ALWAYS_SEARCH_USER_PATHS = NO;
				CLANG_CXX_LANGUAGE_STANDARD = "gnu++0x";
				CLANG_CXX_LIBRARY = "libc++";
				CLANG_ENABLE_MODULES = YES;
				CLANG_ENABLE_OBJC_ARC = YES;
				CLANG_WARN_BOOL_CONVERSION = YES;
				CLANG_WARN_CONSTANT_CONVERSION = YES;
				CLANG_WARN_DIRECT_OBJC_ISA_USAGE = YES_ERROR;
				CLANG_WARN_EMPTY_BODY = YES;
				CLANG_WARN_ENUM_CONVERSION = YES;
				CLANG_WARN_INT_CONVERSION = YES;
				CLANG_WARN_OBJC_ROOT_CLASS = YES_ERROR;
				CLANG_WARN_UNREACHABLE_CODE = YES;
				CLANG_WARN__DUPLICATE_METHOD_MATCH = YES;
				"CODE_SIGN_IDENTITY[sdk=iphoneos*]" = "iPhone Developer";
				COPY_PHASE_STRIP = NO;
				DEBUG_INFORMATION_FORMAT = "dwarf-with-dsym";
				ENABLE_STRICT_OBJC_MSGSEND = YES;
				GCC_C_LANGUAGE_STANDARD = gnu99;
				GCC_DYNAMIC_NO_PIC = NO;
				GCC_NO_COMMON_BLOCKS = YES;
				GCC_OPTIMIZATION_LEVEL = 0;
				GCC_PREPROCESSOR_DEFINITIONS = (
					"DEBUG=1",
					"$(inherited)",
				);
				GCC_SYMBOLS_PRIVATE_EXTERN = NO;
				GCC_WARN_64_TO_32_BIT_CONVERSION = YES;
				GCC_WARN_ABOUT_RETURN_TYPE = YES_ERROR;
				GCC_WARN_UNDECLARED_SELECTOR = YES;
				GCC_WARN_UNINITIALIZED_AUTOS = YES_AGGRESSIVE;
				GCC_WARN_UNUSED_FUNCTION = YES;
				GCC_WARN_UNUSED_VARIABLE = YES;
				IPHONEOS_DEPLOYMENT_TARGET = 8.4;
				MTL_ENABLE_DEBUG_INFO = YES;
				ONLY_ACTIVE_ARCH = YES;
				SDKROOT = iphoneos;
				TARGETED_DEVICE_FAMILY = "1,2";
			};
			name = Debug;
		};
		694D48951BB36C0D00D45F04 /* Release */ = {
			isa = XCBuildConfiguration;
			buildSettings = {
				ALWAYS_SEARCH_USER_PATHS = NO;
				CLANG_CXX_LANGUAGE_STANDARD = "gnu++0x";
				CLANG_CXX_LIBRARY = "libc++";
				CLANG_ENABLE_MODULES = YES;
				CLANG_ENABLE_OBJC_ARC = YES;
				CLANG_WARN_BOOL_CONVERSION = YES;
				CLANG_WARN_CONSTANT_CONVERSION = YES;
				CLANG_WARN_DIRECT_OBJC_ISA_USAGE = YES_ERROR;
				CLANG_WARN_EMPTY_BODY = YES;
				CLANG_WARN_ENUM_CONVERSION = YES;
				CLANG_WARN_INT_CONVERSION = YES;
				CLANG_WARN_OBJC_ROOT_CLASS = YES_ERROR;
				CLANG_WARN_UNREACHABLE_CODE = YES;
				CLANG_WARN__DUPLICATE_METHOD_MATCH = YES;
				"CODE_SIGN_IDENTITY[sdk=iphoneos*]" = "iPhone Developer";
				COPY_PHASE_STRIP = NO;
				DEBUG_INFORMATION_FORMAT = "dwarf-with-dsym";
				ENABLE_NS_ASSERTIONS = NO;
				ENABLE_STRICT_OBJC_MSGSEND = YES;
				GCC_C_LANGUAGE_STANDARD = gnu99;
				GCC_NO_COMMON_BLOCKS = YES;
				GCC_WARN_64_TO_32_BIT_CONVERSION = YES;
				GCC_WARN_ABOUT_RETURN_TYPE = YES_ERROR;
				GCC_WARN_UNDECLARED_SELECTOR = YES;
				GCC_WARN_UNINITIALIZED_AUTOS = YES_AGGRESSIVE;
				GCC_WARN_UNUSED_FUNCTION = YES;
				GCC_WARN_UNUSED_VARIABLE = YES;
				IPHONEOS_DEPLOYMENT_TARGET = 8.4;
				MTL_ENABLE_DEBUG_INFO = NO;
				SDKROOT = iphoneos;
				TARGETED_DEVICE_FAMILY = "1,2";
				VALIDATE_PRODUCT = YES;
			};
			name = Release;
		};
		694D48971BB36C0D00D45F04 /* Debug */ = {
			isa = XCBuildConfiguration;
			buildSettings = {
				ASSETCATALOG_COMPILER_APPICON_NAME = AppIcon;
				INFOPLIST_FILE = BlocBrowser/Info.plist;
				LD_RUNPATH_SEARCH_PATHS = "$(inherited) @executable_path/Frameworks";
				PRODUCT_NAME = "$(TARGET_NAME)";
			};
			name = Debug;
		};
		694D48981BB36C0D00D45F04 /* Release */ = {
			isa = XCBuildConfiguration;
			buildSettings = {
				ASSETCATALOG_COMPILER_APPICON_NAME = AppIcon;
				INFOPLIST_FILE = BlocBrowser/Info.plist;
				LD_RUNPATH_SEARCH_PATHS = "$(inherited) @executable_path/Frameworks";
				PRODUCT_NAME = "$(TARGET_NAME)";
			};
			name = Release;
		};
		694D489A1BB36C0D00D45F04 /* Debug */ = {
			isa = XCBuildConfiguration;
			buildSettings = {
				BUNDLE_LOADER = "$(TEST_HOST)";
				FRAMEWORK_SEARCH_PATHS = (
					"$(SDKROOT)/Developer/Library/Frameworks",
					"$(inherited)",
				);
				GCC_PREPROCESSOR_DEFINITIONS = (
					"DEBUG=1",
					"$(inherited)",
				);
				INFOPLIST_FILE = BlocBrowserTests/Info.plist;
				LD_RUNPATH_SEARCH_PATHS = "$(inherited) @executable_path/Frameworks @loader_path/Frameworks";
				PRODUCT_NAME = "$(TARGET_NAME)";
				TEST_HOST = "$(BUILT_PRODUCTS_DIR)/BlocBrowser.app/BlocBrowser";
			};
			name = Debug;
		};
		694D489B1BB36C0D00D45F04 /* Release */ = {
			isa = XCBuildConfiguration;
			buildSettings = {
				BUNDLE_LOADER = "$(TEST_HOST)";
				FRAMEWORK_SEARCH_PATHS = (
					"$(SDKROOT)/Developer/Library/Frameworks",
					"$(inherited)",
				);
				INFOPLIST_FILE = BlocBrowserTests/Info.plist;
				LD_RUNPATH_SEARCH_PATHS = "$(inherited) @executable_path/Frameworks @loader_path/Frameworks";
				PRODUCT_NAME = "$(TARGET_NAME)";
				TEST_HOST = "$(BUILT_PRODUCTS_DIR)/BlocBrowser.app/BlocBrowser";
			};
			name = Release;
		};
/* End XCBuildConfiguration section */

/* Begin XCConfigurationList section */
		694D486E1BB36C0D00D45F04 /* Build configuration list for PBXProject "BlocBrowser" */ = {
			isa = XCConfigurationList;
			buildConfigurations = (
				694D48941BB36C0D00D45F04 /* Debug */,
				694D48951BB36C0D00D45F04 /* Release */,
			);
			defaultConfigurationIsVisible = 0;
			defaultConfigurationName = Release;
		};
		694D48961BB36C0D00D45F04 /* Build configuration list for PBXNativeTarget "BlocBrowser" */ = {
			isa = XCConfigurationList;
			buildConfigurations = (
				694D48971BB36C0D00D45F04 /* Debug */,
				694D48981BB36C0D00D45F04 /* Release */,
			);
			defaultConfigurationIsVisible = 0;
			defaultConfigurationName = Release;
		};
		694D48991BB36C0D00D45F04 /* Build configuration list for PBXNativeTarget "BlocBrowserTests" */ = {
			isa = XCConfigurationList;
			buildConfigurations = (
				694D489A1BB36C0D00D45F04 /* Debug */,
				694D489B1BB36C0D00D45F04 /* Release */,
			);
			defaultConfigurationIsVisible = 0;
			defaultConfigurationName = Release;
		};
/* End XCConfigurationList section */
	};
	rootObject = 694D486B1BB36C0D00D45F04 /* Project object */;
}
